
Microsoft Visual Studio Solution File, Format Version 12.00
# Visual Studio Version 17
VisualStudioVersion = 17.7.34024.191
MinimumVisualStudioVersion = 10.0.40219.1
Project("{9A19103F-16F7-4668-BE54-9A1E7A4F7556}") = "Z.MyToDoWebAPI", "Z.MyToDoWebAPI\Z.MyToDoWebAPI.csproj", "{B34BEB6F-2575-4C95-A08D-0B94CD9225C3}"
EndProject
Project("{9A19103F-16F7-4668-BE54-9A1E7A4F7556}") = "Z.MyToDo.Shared", "Z.MyToDo.Shared\Z.MyToDo.Shared.csproj", "{C7C82077-5F58-4190-87DE-E56A7DAB41CF}"
EndProject
Project("{FAE04EC0-301F-11D3-BF4B-00C04F79EFBC}") = "Z.MyToDo", "Z.MyToDo\Z.MyToDo.csproj", "{A1D89832-F7F8-4F50-944F-C293FE2648C5}"
EndProject
Global
	GlobalSection(SolutionConfigurationPlatforms) = preSolution
		Debug|Any CPU = Debug|Any CPU
		Release|Any CPU = Release|Any CPU
	EndGlobalSection
	GlobalSection(ProjectConfigurationPlatforms) = postSolution
		{B34BEB6F-2575-4C95-A08D-0B94CD9225C3}.Debug|Any CPU.ActiveCfg = Debug|Any CPU
		{B34BEB6F-2575-4C95-A08D-0B94CD9225C3}.Debug|Any CPU.Build.0 = Debug|Any CPU
		{B34BEB6F-2575-4C95-A08D-0B94CD9225C3}.Release|Any CPU.ActiveCfg = Release|Any CPU
		{B34BEB6F-2575-4C95-A08D-0B94CD9225C3}.Release|Any CPU.Build.0 = Release|Any CPU
		{C7C82077-5F58-4190-87DE-E56A7DAB41CF}.Debug|Any CPU.ActiveCfg = Debug|Any CPU
		{C7C82077-5F58-4190-87DE-E56A7DAB41CF}.Debug|Any CPU.Build.0 = Debug|Any CPU
		{C7C82077-5F58-4190-87DE-E56A7DAB41CF}.Release|Any CPU.ActiveCfg = Release|Any CPU
		{C7C82077-5F58-4190-87DE-E56A7DAB41CF}.Release|Any CPU.Build.0 = Release|Any CPU
		{A1D89832-F7F8-4F50-944F-C293FE2648C5}.Debug|Any CPU.ActiveCfg = Debug|Any CPU
		{A1D89832-F7F8-4F50-944F-C293FE2648C5}.Debug|Any CPU.Build.0 = Debug|Any CPU
		{A1D89832-F7F8-4F50-944F-C293FE2648C5}.Release|Any CPU.ActiveCfg = Release|Any CPU
		{A1D89832-F7F8-4F50-944F-C293FE2648C5}.Release|Any CPU.Build.0 = Release|Any CPU
	EndGlobalSection
	GlobalSection(SolutionProperties) = preSolution
		HideSolutionNode = FALSE
	EndGlobalSection
	GlobalSection(ExtensibilityGlobals) = postSolution
		SolutionGuid = {3514D5B1-79C8-4473-BE28-8EB3CF377486}
	EndGlobalSection
EndGlobal
